// !$*UTF8*$!
{
	archiveVersion = 1;
	classes = {
	};
	objectVersion = 46;
	objects = {

/* Begin PBXBuildFile section */
		AFACB9111F48A5AB009121B4 /* RatingControl.swift in Sources */ = {isa = PBXBuildFile; fileRef = AFACB9101F48A5AB009121B4 /* RatingControl.swift */; };
		AFEC38771F45FECB00850F1D /* AppDelegate.swift in Sources */ = {isa = PBXBuildFile; fileRef = AFEC38761F45FECB00850F1D /* AppDelegate.swift */; };
		AFEC38791F45FECB00850F1D /* ViewController.swift in Sources */ = {isa = PBXBuildFile; fileRef = AFEC38781F45FECB00850F1D /* ViewController.swift */; };
		AFEC387C1F45FECB00850F1D /* Main.storyboard in Resources */ = {isa = PBXBuildFile; fileRef = AFEC387A1F45FECB00850F1D /* Main.storyboard */; };
		AFEC387E1F45FECB00850F1D /* Assets.xcassets in Resources */ = {isa = PBXBuildFile; fileRef = AFEC387D1F45FECB00850F1D /* Assets.xcassets */; };
		AFEC38811F45FECB00850F1D /* LaunchScreen.storyboard in Resources */ = {isa = PBXBuildFile; fileRef = AFEC387F1F45FECB00850F1D /* LaunchScreen.storyboard */; };
		AFEC388C1F45FECB00850F1D /* FoodTrackerTests.swift in Sources */ = {isa = PBXBuildFile; fileRef = AFEC388B1F45FECB00850F1D /* FoodTrackerTests.swift */; };
/* End PBXBuildFile section */

/* Begin PBXContainerItemProxy section */
		AFEC38881F45FECB00850F1D /* PBXContainerItemProxy */ = {
			isa = PBXContainerItemProxy;
			containerPortal = AFEC386B1F45FECB00850F1D /* Project object */;
			proxyType = 1;
			remoteGlobalIDString = AFEC38721F45FECB00850F1D;
			remoteInfo = FoodTracker;
		};
/* End PBXContainerItemProxy section */

/* Begin PBXFileReference section */
		AFACB9101F48A5AB009121B4 /* RatingControl.swift */ = {isa = PBXFileReference; fileEncoding = 4; lastKnownFileType = sourcecode.swift; path = RatingControl.swift; sourceTree = "<group>"; };
		AFEC38731F45FECB00850F1D /* FoodTracker.app */ = {isa = PBXFileReference; explicitFileType = wrapper.application; includeInIndex = 0; path = FoodTracker.app; sourceTree = BUILT_PRODUCTS_DIR; };
		AFEC38761F45FECB00850F1D /* AppDelegate.swift */ = {isa = PBXFileReference; lastKnownFileType = sourcecode.swift; path = AppDelegate.swift; sourceTree = "<group>"; };
		AFEC38781F45FECB00850F1D /* ViewController.swift */ = {isa = PBXFileReference; lastKnownFileType = sourcecode.swift; path = ViewController.swift; sourceTree = "<group>"; };
		AFEC387B1F45FECB00850F1D /* Base */ = {isa = PBXFileReference; lastKnownFileType = file.storyboard; name = Base; path = Base.lproj/Main.storyboard; sourceTree = "<group>"; };
		AFEC387D1F45FECB00850F1D /* Assets.xcassets */ = {isa = PBXFileReference; lastKnownFileType = folder.assetcatalog; path = Assets.xcassets; sourceTree = "<group>"; };
		AFEC38801F45FECB00850F1D /* Base */ = {isa = PBXFileReference; lastKnownFileType = file.storyboard; name = Base; path = Base.lproj/LaunchScreen.storyboard; sourceTree = "<group>"; };
		AFEC38821F45FECB00850F1D /* Info.plist */ = {isa = PBXFileReference; lastKnownFileType = text.plist.xml; path = Info.plist; sourceTree = "<group>"; };
		AFEC38871F45FECB00850F1D /* FoodTrackerTests.xctest */ = {isa = PBXFileReference; explicitFileType = wrapper.cfbundle; includeInIndex = 0; path = FoodTrackerTests.xctest; sourceTree = BUILT_PRODUCTS_DIR; };
		AFEC388B1F45FECB00850F1D /* FoodTrackerTests.swift */ = {isa = PBXFileReference; lastKnownFileType = sourcecode.swift; path = FoodTrackerTests.swift; sourceTree = "<group>"; };
		AFEC388D1F45FECB00850F1D /* Info.plist */ = {isa = PBXFileReference; lastKnownFileType = text.plist.xml; path = Info.plist; sourceTree = "<group>"; };
/* End PBXFileReference section */

/* Begin PBXFrameworksBuildPhase section */
		AFEC38701F45FECB00850F1D /* Frameworks */ = {
			isa = PBXFrameworksBuildPhase;
			buildActionMask = 2147483647;
			files = (
			);
			runOnlyForDeploymentPostprocessing = 0;
		};
		AFEC38841F45FECB00850F1D /* Frameworks */ = {
			isa = PBXFrameworksBuildPhase;
			buildActionMask = 2147483647;
			files = (
			);
			runOnlyForDeploymentPostprocessing = 0;
		};
/* End PBXFrameworksBuildPhase section */

/* Begin PBXGroup section */
		AFEC386A1F45FECB00850F1D = {
			isa = PBXGroup;
			children = (
				AFEC38751F45FECB00850F1D /* FoodTracker */,
				AFEC388A1F45FECB00850F1D /* FoodTrackerTests */,
				AFEC38741F45FECB00850F1D /* Products */,
			);
			sourceTree = "<group>";
		};
		AFEC38741F45FECB00850F1D /* Products */ = {
			isa = PBXGroup;
			children = (
				AFEC38731F45FECB00850F1D /* FoodTracker.app */,
				AFEC38871F45FECB00850F1D /* FoodTrackerTests.xctest */,
			);
			name = Products;
			sourceTree = "<group>";
		};
		AFEC38751F45FECB00850F1D /* FoodTracker */ = {
			isa = PBXGroup;
			children = (
				AFEC38761F45FECB00850F1D /* AppDelegate.swift */,
				AFEC38781F45FECB00850F1D /* ViewController.swift */,
				AFACB9101F48A5AB009121B4 /* RatingControl.swift */,
				AFEC387A1F45FECB00850F1D /* Main.storyboard */,
				AFEC387D1F45FECB00850F1D /* Assets.xcassets */,
				AFEC387F1F45FECB00850F1D /* LaunchScreen.storyboard */,
				AFEC38821F45FECB00850F1D /* Info.plist */,
			);
			path = FoodTracker;
			sourceTree = "<group>";
		};
		AFEC388A1F45FECB00850F1D /* FoodTrackerTests */ = {
			isa = PBXGroup;
			children = (
				AFEC388B1F45FECB00850F1D /* FoodTrackerTests.swift */,
				AFEC388D1F45FECB00850F1D /* Info.plist */,
			);
			path = FoodTrackerTests;
			sourceTree = "<group>";
		};
/* End PBXGroup section */

/* Begin PBXNativeTarget section */
		AFEC38721F45FECB00850F1D /* FoodTracker */ = {
			isa = PBXNativeTarget;
			buildConfigurationList = AFEC38901F45FECB00850F1D /* Build configuration list for PBXNativeTarget "FoodTracker" */;
			buildPhases = (
				AFEC386F1F45FECB00850F1D /* Sources */,
				AFEC38701F45FECB00850F1D /* Frameworks */,
				AFEC38711F45FECB00850F1D /* Resources */,
			);
			buildRules = (
			);
			dependencies = (
			);
			name = FoodTracker;
			productName = FoodTracker;
			productReference = AFEC38731F45FECB00850F1D /* FoodTracker.app */;
			productType = "com.apple.product-type.application";
		};
		AFEC38861F45FECB00850F1D /* FoodTrackerTests */ = {
			isa = PBXNativeTarget;
			buildConfigurationList = AFEC38931F45FECB00850F1D /* Build configuration list for PBXNativeTarget "FoodTrackerTests" */;
			buildPhases = (
				AFEC38831F45FECB00850F1D /* Sources */,
				AFEC38841F45FECB00850F1D /* Frameworks */,
				AFEC38851F45FECB00850F1D /* Resources */,
			);
			buildRules = (
			);
			dependencies = (
				AFEC38891F45FECB00850F1D /* PBXTargetDependency */,
			);
			name = FoodTrackerTests;
			productName = FoodTrackerTests;
			productReference = AFEC38871F45FECB00850F1D /* FoodTrackerTests.xctest */;
			productType = "com.apple.product-type.bundle.unit-test";
		};
/* End PBXNativeTarget section */

/* Begin PBXProject section */
		AFEC386B1F45FECB00850F1D /* Project object */ = {
			isa = PBXProject;
			attributes = {
				LastSwiftUpdateCheck = 0830;
				LastUpgradeCheck = 0830;
				ORGANIZATIONNAME = M3;
				TargetAttributes = {
					AFEC38721F45FECB00850F1D = {
						CreatedOnToolsVersion = 8.3.3;
						DevelopmentTeam = M8SC9LF9JT;
						ProvisioningStyle = Automatic;
					};
					AFEC38861F45FECB00850F1D = {
						CreatedOnToolsVersion = 8.3.3;
						ProvisioningStyle = Automatic;
						TestTargetID = AFEC38721F45FECB00850F1D;
					};
				};
			};
			buildConfigurationList = AFEC386E1F45FECB00850F1D /* Build configuration list for PBXProject "FoodTracker" */;
			compatibilityVersion = "Xcode 3.2";
			developmentRegion = English;
			hasScannedForEncodings = 0;
			knownRegions = (
				en,
				Base,
			);
			mainGroup = AFEC386A1F45FECB00850F1D;
			productRefGroup = AFEC38741F45FECB00850F1D /* Products */;
			projectDirPath = "";
			projectRoot = "";
			targets = (
				AFEC38721F45FECB00850F1D /* FoodTracker */,
				AFEC38861F45FECB00850F1D /* FoodTrackerTests */,
			);
		};
/* End PBXProject section */

/* Begin PBXResourcesBuildPhase section */
		AFEC38711F45FECB00850F1D /* Resources */ = {
			isa = PBXResourcesBuildPhase;
			buildActionMask = 2147483647;
			files = (
				AFEC38811F45FECB00850F1D /* LaunchScreen.storyboard in Resources */,
				AFEC387E1F45FECB00850F1D /* Assets.xcassets in Resources */,
				AFEC387C1F45FECB00850F1D /* Main.storyboard in Resources */,
			);
			runOnlyForDeploymentPostprocessing = 0;
		};
		AFEC38851F45FECB00850F1D /* Resources */ = {
			isa = PBXResourcesBuildPhase;
			buildActionMask = 2147483647;
			files = (
			);
			runOnlyForDeploymentPostprocessing = 0;
		};
/* End PBXResourcesBuildPhase section */

/* Begin PBXSourcesBuildPhase section */
		AFEC386F1F45FECB00850F1D /* Sources */ = {
			isa = PBXSourcesBuildPhase;
			buildActionMask = 2147483647;
			files = (
				AFEC38791F45FECB00850F1D /* ViewController.swift in Sources */,
				AFACB9111F48A5AB009121B4 /* RatingControl.swift in Sources */,
				AFEC38771F45FECB00850F1D /* AppDelegate.swift in Sources */,
			);
			runOnlyForDeploymentPostprocessing = 0;
		};
		AFEC38831F45FECB00850F1D /* Sources */ = {
			isa = PBXSourcesBuildPhase;
			buildActionMask = 2147483647;
			files = (
				AFEC388C1F45FECB00850F1D /* FoodTrackerTests.swift in Sources */,
			);
			runOnlyForDeploymentPostprocessing = 0;
		};
/* End PBXSourcesBuildPhase section */

/* Begin PBXTargetDependency section */
		AFEC38891F45FECB00850F1D /* PBXTargetDependency */ = {
			isa = PBXTargetDependency;
			target = AFEC38721F45FECB00850F1D /* FoodTracker */;
			targetProxy = AFEC38881F45FECB00850F1D /* PBXContainerItemProxy */;
		};
/* End PBXTargetDependency section */

/* Begin PBXVariantGroup section */
		AFEC387A1F45FECB00850F1D /* Main.storyboard */ = {
			isa = PBXVariantGroup;
			children = (
				AFEC387B1F45FECB00850F1D /* Base */,
			);
			name = Main.storyboard;
			sourceTree = "<group>";
		};
		AFEC387F1F45FECB00850F1D /* LaunchScreen.storyboard */ = {
			isa = PBXVariantGroup;
			children = (
				AFEC38801F45FECB00850F1D /* Base */,
			);
			name = LaunchScreen.storyboard;
			sourceTree = "<group>";
		};
/* End PBXVariantGroup section */

/* Begin XCBuildConfiguration section */
		AFEC388E1F45FECB00850F1D /* Debug */ = {
			isa = XCBuildConfiguration;
			buildSettings = {
				ALWAYS_SEARCH_USER_PATHS = NO;
				CLANG_ANALYZER_NONNULL = YES;
				CLANG_ANALYZER_NUMBER_OBJECT_CONVERSION = YES_AGGRESSIVE;
				CLANG_CXX_LANGUAGE_STANDARD = "gnu++0x";
				CLANG_CXX_LIBRARY = "libc++";
				CLANG_ENABLE_MODULES = YES;
				CLANG_ENABLE_OBJC_ARC = YES;
				CLANG_WARN_BOOL_CONVERSION = YES;
				CLANG_WARN_CONSTANT_CONVERSION = YES;
				CLANG_WARN_DIRECT_OBJC_ISA_USAGE = YES_ERROR;
				CLANG_WARN_DOCUMENTATION_COMMENTS = YES;
				CLANG_WARN_EMPTY_BODY = YES;
				CLANG_WARN_ENUM_CONVERSION = YES;
				CLANG_WARN_INFINITE_RECURSION = YES;
				CLANG_WARN_INT_CONVERSION = YES;
				CLANG_WARN_OBJC_ROOT_CLASS = YES_ERROR;
				CLANG_WARN_SUSPICIOUS_MOVE = YES;
				CLANG_WARN_UNREACHABLE_CODE = YES;
				CLANG_WARN__DUPLICATE_METHOD_MATCH = YES;
				"CODE_SIGN_IDENTITY[sdk=iphoneos*]" = "iPhone Developer";
				COPY_PHASE_STRIP = NO;
				DEBUG_INFORMATION_FORMAT = dwarf;
				ENABLE_STRICT_OBJC_MSGSEND = YES;
				ENABLE_TESTABILITY = YES;
				GCC_C_LANGUAGE_STANDARD = gnu99;
				GCC_DYNAMIC_NO_PIC = NO;
				GCC_NO_COMMON_BLOCKS = YES;
				GCC_OPTIMIZATION_LEVEL = 0;
				GCC_PREPROCESSOR_DEFINITIONS = (
					"DEBUG=1",
					"$(inherited)",
				);
				GCC_WARN_64_TO_32_BIT_CONVERSION = YES;
				GCC_WARN_ABOUT_RETURN_TYPE = YES_ERROR;
				GCC_WARN_UNDECLARED_SELECTOR = YES;
				GCC_WARN_UNINITIALIZED_AUTOS = YES_AGGRESSIVE;
				GCC_WARN_UNUSED_FUNCTION = YES;
				GCC_WARN_UNUSED_VARIABLE = YES;
				IPHONEOS_DEPLOYMENT_TARGET = 10.3;
				MTL_ENABLE_DEBUG_INFO = YES;
				ONLY_ACTIVE_ARCH = YES;
				SDKROOT = iphoneos;
				SWIFT_ACTIVE_COMPILATION_CONDITIONS = DEBUG;
				SWIFT_OPTIMIZATION_LEVEL = "-Onone";
				TARGETED_DEVICE_FAMILY = "1,2";
			};
			name = Debug;
		};
		AFEC388F1F45FECB00850F1D /* Release */ = {
			isa = XCBuildConfiguration;
			buildSettings = {
				ALWAYS_SEARCH_USER_PATHS = NO;
				CLANG_ANALYZER_NONNULL = YES;
				CLANG_ANALYZER_NUMBER_OBJECT_CONVERSION = YES_AGGRESSIVE;
				CLANG_CXX_LANGUAGE_STANDARD = "gnu++0x";
				CLANG_CXX_LIBRARY = "libc++";
				CLANG_ENABLE_MODULES = YES;
				CLANG_ENABLE_OBJC_ARC = YES;
				CLANG_WARN_BOOL_CONVERSION = YES;
				CLANG_WARN_CONSTANT_CONVERSION = YES;
				CLANG_WARN_DIRECT_OBJC_ISA_USAGE = YES_ERROR;
				CLANG_WARN_DOCUMENTATION_COMMENTS = YES;
				CLANG_WARN_EMPTY_BODY = YES;
				CLANG_WARN_ENUM_CONVERSION = YES;
				CLANG_WARN_INFINITE_RECURSION = YES;
				CLANG_WARN_INT_CONVERSION = YES;
				CLANG_WARN_OBJC_ROOT_CLASS = YES_ERROR;
				CLANG_WARN_SUSPICIOUS_MOVE = YES;
				CLANG_WARN_UNREACHABLE_CODE = YES;
				CLANG_WARN__DUPLICATE_METHOD_MATCH = YES;
				"CODE_SIGN_IDENTITY[sdk=iphoneos*]" = "iPhone Developer";
				COPY_PHASE_STRIP = NO;
				DEBUG_INFORMATION_FORMAT = "dwarf-with-dsym";
				ENABLE_NS_ASSERTIONS = NO;
				ENABLE_STRICT_OBJC_MSGSEND = YES;
				GCC_C_LANGUAGE_STANDARD = gnu99;
				GCC_NO_COMMON_BLOCKS = YES;
				GCC_WARN_64_TO_32_BIT_CONVERSION = YES;
				GCC_WARN_ABOUT_RETURN_TYPE = YES_ERROR;
				GCC_WARN_UNDECLARED_SELECTOR = YES;
				GCC_WARN_UNINITIALIZED_AUTOS = YES_AGGRESSIVE;
				GCC_WARN_UNUSED_FUNCTION = YES;
				GCC_WARN_UNUSED_VARIABLE = YES;
				IPHONEOS_DEPLOYMENT_TARGET = 10.3;
				MTL_ENABLE_DEBUG_INFO = NO;
				SDKROOT = iphoneos;
				SWIFT_OPTIMIZATION_LEVEL = "-Owholemodule";
				TARGETED_DEVICE_FAMILY = "1,2";
				VALIDATE_PRODUCT = YES;
			};
			name = Release;
		};
		AFEC38911F45FECB00850F1D /* Debug */ = {
			isa = XCBuildConfiguration;
			buildSettings = {
				ASSETCATALOG_COMPILER_APPICON_NAME = AppIcon;
				DEVELOPMENT_TEAM = M8SC9LF9JT;
				INFOPLIST_FILE = FoodTracker/Info.plist;
				LD_RUNPATH_SEARCH_PATHS = "$(inherited) @executable_path/Frameworks";
				PRODUCT_BUNDLE_IDENTIFIER = com.k3.foodtracker.FoodTracker;
				PRODUCT_NAME = "$(TARGET_NAME)";
				SWIFT_VERSION = 3.0;
			};
			name = Debug;
		};
		AFEC38921F45FECB00850F1D /* Release */ = {
			isa = XCBuildConfiguration;
			buildSettings = {
				ASSETCATALOG_COMPILER_APPICON_NAME = AppIcon;
				DEVELOPMENT_TEAM = M8SC9LF9JT;
				INFOPLIST_FILE = FoodTracker/Info.plist;
				LD_RUNPATH_SEARCH_PATHS = "$(inherited) @executable_path/Frameworks";
				PRODUCT_BUNDLE_IDENTIFIER = com.k3.foodtracker.FoodTracker;
				PRODUCT_NAME = "$(TARGET_NAME)";
				SWIFT_VERSION = 3.0;
			};
			name = Release;
		};
		AFEC38941F45FECB00850F1D /* Debug */ = {
			isa = XCBuildConfiguration;
			buildSettings = {
				ALWAYS_EMBED_SWIFT_STANDARD_LIBRARIES = YES;
				BUNDLE_LOADER = "$(TEST_HOST)";
				INFOPLIST_FILE = FoodTrackerTests/Info.plist;
				LD_RUNPATH_SEARCH_PATHS = "$(inherited) @executable_path/Frameworks @loader_path/Frameworks";
				PRODUCT_BUNDLE_IDENTIFIER = com.k3.foodtracker.FoodTrackerTests;
				PRODUCT_NAME = "$(TARGET_NAME)";
				SWIFT_VERSION = 3.0;
				TEST_HOST = "$(BUILT_PRODUCTS_DIR)/FoodTracker.app/FoodTracker";
			};
			name = Debug;
		};
		AFEC38951F45FECB00850F1D /* Release */ = {
			isa = XCBuildConfiguration;
			buildSettings = {
				ALWAYS_EMBED_SWIFT_STANDARD_LIBRARIES = YES;
				BUNDLE_LOADER = "$(TEST_HOST)";
				INFOPLIST_FILE = FoodTrackerTests/Info.plist;
				LD_RUNPATH_SEARCH_PATHS = "$(inherited) @executable_path/Frameworks @loader_path/Frameworks";
				PRODUCT_BUNDLE_IDENTIFIER = com.k3.foodtracker.FoodTrackerTests;
				PRODUCT_NAME = "$(TARGET_NAME)";
				SWIFT_VERSION = 3.0;
				TEST_HOST = "$(BUILT_PRODUCTS_DIR)/FoodTracker.app/FoodTracker";
			};
			name = Release;
		};
/* End XCBuildConfiguration section */

/* Begin XCConfigurationList section */
		AFEC386E1F45FECB00850F1D /* Build configuration list for PBXProject "FoodTracker" */ = {
			isa = XCConfigurationList;
			buildConfigurations = (
				AFEC388E1F45FECB00850F1D /* Debug */,
				AFEC388F1F45FECB00850F1D /* Release */,
			);
			defaultConfigurationIsVisible = 0;
			defaultConfigurationName = Release;
		};
		AFEC38901F45FECB00850F1D /* Build configuration list for PBXNativeTarget "FoodTracker" */ = {
			isa = XCConfigurationList;
			buildConfigurations = (
				AFEC38911F45FECB00850F1D /* Debug */,
				AFEC38921F45FECB00850F1D /* Release */,
			);
			defaultConfigurationIsVisible = 0;
			defaultConfigurationName = Release;
		};
		AFEC38931F45FECB00850F1D /* Build configuration list for PBXNativeTarget "FoodTrackerTests" */ = {
			isa = XCConfigurationList;
			buildConfigurations = (
				AFEC38941F45FECB00850F1D /* Debug */,
				AFEC38951F45FECB00850F1D /* Release */,
			);
			defaultConfigurationIsVisible = 0;
			defaultConfigurationName = Release;
		};
/* End XCConfigurationList section */
	};
	rootObject = AFEC386B1F45FECB00850F1D /* Project object */;
}
